
Microsoft Visual Studio Solution File, Format Version 12.00
# Visual Studio Version 17
VisualStudioVersion = 17.4.33213.308
MinimumVisualStudioVersion = 10.0.40219.1
Project("{FAE04EC0-301F-11D3-BF4B-00C04F79EFBC}") = "COMP003A.Assignment05", "COMP003A.Assignment05\COMP003A.Assignment05.csproj", "{66C41AB3-5546-4C2F-8E35-3561FFAB4B33}"
EndProject
Global
	GlobalSection(SolutionConfigurationPlatforms) = preSolution
		Debug|Any CPU = Debug|Any CPU
		Release|Any CPU = Release|Any CPU
	EndGlobalSection
	GlobalSection(ProjectConfigurationPlatforms) = postSolution
		{66C41AB3-5546-4C2F-8E35-3561FFAB4B33}.Debug|Any CPU.ActiveCfg = Debug|Any CPU
		{66C41AB3-5546-4C2F-8E35-3561FFAB4B33}.Debug|Any CPU.Build.0 = Debug|Any CPU
		{66C41AB3-5546-4C2F-8E35-3561FFAB4B33}.Release|Any CPU.ActiveCfg = Release|Any CPU
		{66C41AB3-5546-4C2F-8E35-3561FFAB4B33}.Release|Any CPU.Build.0 = Release|Any CPU
	EndGlobalSection
	GlobalSection(SolutionProperties) = preSolution
		HideSolutionNode = FALSE
	EndGlobalSection
	GlobalSection(ExtensibilityGlobals) = postSolution
		SolutionGuid = {905F4AF7-889B-4EEB-AEBF-225DA4F0F1FE}
	EndGlobalSection
EndGlobal
